
Microsoft Visual Studio Solution File, Format Version 12.00
# Visual Studio Version 17
VisualStudioVersion = 17.0.32014.148
MinimumVisualStudioVersion = 10.0.40219.1
Project("{FAE04EC0-301F-11D3-BF4B-00C04F79EFBC}") = "Mestint", "Mestint\Mestint.csproj", "{FE085FDE-CCAD-43BB-BDB4-01D5A98858A2}"
EndProject
Global
	GlobalSection(SolutionConfigurationPlatforms) = preSolution
		Debug|Any CPU = Debug|Any CPU
		Release|Any CPU = Release|Any CPU
	EndGlobalSection
	GlobalSection(ProjectConfigurationPlatforms) = postSolution
		{FE085FDE-CCAD-43BB-BDB4-01D5A98858A2}.Debug|Any CPU.ActiveCfg = Debug|Any CPU
		{FE085FDE-CCAD-43BB-BDB4-01D5A98858A2}.Debug|Any CPU.Build.0 = Debug|Any CPU
		{FE085FDE-CCAD-43BB-BDB4-01D5A98858A2}.Release|Any CPU.ActiveCfg = Release|Any CPU
		{FE085FDE-CCAD-43BB-BDB4-01D5A98858A2}.Release|Any CPU.Build.0 = Release|Any CPU
	EndGlobalSection
	GlobalSection(SolutionProperties) = preSolution
		HideSolutionNode = FALSE
	EndGlobalSection
	GlobalSection(ExtensibilityGlobals) = postSolution
		SolutionGuid = {A2752C4A-85AD-4200-8B97-31A3F8617AA9}
	EndGlobalSection
EndGlobal
